<?xml version="1.0" encoding="utf-8"?>
<Project ToolsVersion="4.0" xmlns="http://schemas.microsoft.com/developer/msbuild/2003">
  <ItemGroup>
    <Filter Include="Quelldateien">
      <UniqueIdentifier>{4FC737F1-C7A5-4376-A066-2A32D752A2FF}</UniqueIdentifier>
      <Extensions>cpp;c;cc;cxx;def;odl;idl;hpj;bat;asm;asmx</Extensions>
    </Filter>
    <Filter Include="Headerdateien">
      <UniqueIdentifier>{93995380-89BD-4b04-88EB-625FBE52EBFB}</UniqueIdentifier>
      <Extensions>h;hh;hpp;hxx;hm;inl;inc;ipp;xsd</Extensions>
    </Filter>
    <Filter Include="Ressourcendateien">
      <UniqueIdentifier>{67DA6AB6-F800-4c08-8B7A-83BB121AAD01}</UniqueIdentifier>
      <Extensions>
      </Extensions>
    </Filter>
    <Filter Include="irrBullet">
      <UniqueIdentifier>{6d9cf62e-1f38-4275-a677-2500993fe771}</UniqueIdentifier>
    </Filter>
    <Filter Include="XEffects">
      <UniqueIdentifier>{f4a32852-62e9-4f01-9911-912b6017c385}</UniqueIdentifier>
    </Filter>
  </ItemGroup>
  <ItemGroup>
    <ClCompile Include="..\Shared\main.cpp">
      <Filter>Quelldateien</Filter>
    </ClCompile>
    <ClCompile Include="..\Shared\MapControlEventReceiver.cpp">
      <Filter>Quelldateien</Filter>
    </ClCompile>
    <ClCompile Include="..\Shared\NoiseMapGenerator.cpp">
      <Filter>Quelldateien</Filter>
    </ClCompile>
    <ClCompile Include="..\Shared\TerrainGenerator.cpp">
      <Filter>Quelldateien</Filter>
    </ClCompile>
    <ClCompile Include="..\Shared\TerrainShaderCallback.cpp">
      <Filter>Quelldateien</Filter>
    </ClCompile>
    <ClCompile Include="..\Shared\Utils.cpp">
      <Filter>Quelldateien</Filter>
    </ClCompile>
    <ClCompile Include="..\Shared\WorldScene.cpp">
      <Filter>Quelldateien</Filter>
    </ClCompile>
    <ClCompile Include="..\Shared\IrrScene.cpp">
      <Filter>Quelldateien</Filter>
    </ClCompile>
    <ClCompile Include="..\Extern\irrBullet\src\irrBulletCollisionObjectAffector.cpp">
      <Filter>irrBullet</Filter>
    </ClCompile>
    <ClCompile Include="..\Extern\irrBullet\src\irrBulletCollisionObjectAffectorAttract.cpp">
      <Filter>irrBullet</Filter>
    </ClCompile>
    <ClCompile Include="..\Extern\irrBullet\src\irrBulletCollisionObjectAffectorDelete.cpp">
      <Filter>irrBullet</Filter>
    </ClCompile>
    <ClCompile Include="..\Extern\irrBullet\src\irrBulletCollisionShape.cpp">
      <Filter>irrBullet</Filter>
    </ClCompile>
    <ClCompile Include="..\Extern\irrBullet\src\irrBulletcommon.cpp">
      <Filter>irrBullet</Filter>
    </ClCompile>
    <ClCompile Include="..\Extern\irrBullet\src\irrBulletConvexHullShape.cpp">
      <Filter>irrBullet</Filter>
    </ClCompile>
    <ClCompile Include="..\Extern\irrBullet\src\irrBulletCylinderShape.cpp">
      <Filter>irrBullet</Filter>
    </ClCompile>
    <ClCompile Include="..\Extern\irrBullet\src\irrBulletGImpactMeshShape.cpp">
      <Filter>irrBullet</Filter>
    </ClCompile>
    <ClCompile Include="..\Extern\irrBullet\src\irrBulletKinematicCharacterController.cpp">
      <Filter>irrBullet</Filter>
    </ClCompile>
    <ClCompile Include="..\Extern\irrBullet\src\irrBulletLiquidBody.cpp">
      <Filter>irrBullet</Filter>
    </ClCompile>
    <ClCompile Include="..\Extern\irrBullet\src\irrBulletMotionState.cpp">
      <Filter>irrBullet</Filter>
    </ClCompile>
    <ClCompile Include="..\Extern\irrBullet\src\irrBulletPhysicsDebug.cpp">
      <Filter>irrBullet</Filter>
    </ClCompile>
    <ClCompile Include="..\Extern\irrBullet\src\irrBulletRayCastVehicle.cpp">
      <Filter>irrBullet</Filter>
    </ClCompile>
    <ClCompile Include="..\Extern\irrBullet\src\irrBulletRigidBody.cpp">
      <Filter>irrBullet</Filter>
    </ClCompile>
    <ClCompile Include="..\Extern\irrBullet\src\irrBulletSoftBody.cpp">
      <Filter>irrBullet</Filter>
    </ClCompile>
    <ClCompile Include="..\Extern\irrBullet\src\irrBulletSphereShape.cpp">
      <Filter>irrBullet</Filter>
    </ClCompile>
    <ClCompile Include="..\Extern\irrBullet\src\irrBulletTriangleMeshShape.cpp">
      <Filter>irrBullet</Filter>
    </ClCompile>
    <ClCompile Include="..\Extern\irrBullet\src\irrBulletWorld.cpp">
      <Filter>irrBullet</Filter>
    </ClCompile>
    <ClCompile Include="..\Extern\irrBullet\src\irrBullet.cpp">
      <Filter>irrBullet</Filter>
    </ClCompile>
    <ClCompile Include="..\Extern\irrBullet\src\irrBulletBoxShape.cpp">
      <Filter>irrBullet</Filter>
    </ClCompile>
    <ClCompile Include="..\Extern\irrBullet\src\irrBulletBvhTriangleMeshShape.cpp">
      <Filter>irrBullet</Filter>
    </ClCompile>
    <ClCompile Include="..\Extern\irrBullet\src\irrBulletCapsuleShape.cpp">
      <Filter>irrBullet</Filter>
    </ClCompile>
    <ClCompile Include="..\Extern\irrBullet\src\irrBulletCollisionCallBackInformation.cpp">
      <Filter>irrBullet</Filter>
    </ClCompile>
    <ClCompile Include="..\Extern\irrBullet\src\irrBulletCollisionObject.cpp">
      <Filter>irrBullet</Filter>
    </ClCompile>
    <ClCompile Include="..\Shared\PhysicsManager.cpp">
      <Filter>Quelldateien</Filter>
    </ClCompile>
    <ClCompile Include="..\Shared\EnemyManager.cpp">
      <Filter>Quelldateien</Filter>
    </ClCompile>
    <ClCompile Include="..\Shared\GUIManager.cpp">
      <Filter>Quelldateien</Filter>
    </ClCompile>
    <ClCompile Include="..\Shared\InputManager.cpp">
      <Filter>Quelldateien</Filter>
    </ClCompile>
    <ClCompile Include="..\Shared\IrrManager.cpp">
      <Filter>Quelldateien</Filter>
    </ClCompile>
    <ClCompile Include="..\XEffects\EffectHandler.cpp">
      <Filter>XEffects</Filter>
    </ClCompile>
    <ClCompile Include="..\XEffects\CShaderPre.cpp">
      <Filter>XEffects</Filter>
    </ClCompile>
    <ClCompile Include="..\Shared\SoundManager.cpp">
      <Filter>Quelldateien</Filter>
    </ClCompile>
  </ItemGroup>
  <ItemGroup>
    <ClInclude Include="..\Shared\MapControlEventReceiver.h">
      <Filter>Quelldateien</Filter>
    </ClInclude>
    <ClInclude Include="..\Shared\NoiseMapGenerator.h">
      <Filter>Quelldateien</Filter>
    </ClInclude>
    <ClInclude Include="..\Shared\PerlinNoise.hpp">
      <Filter>Quelldateien</Filter>
    </ClInclude>
    <ClInclude Include="..\Shared\TerrainGenerator.h">
      <Filter>Quelldateien</Filter>
    </ClInclude>
    <ClInclude Include="..\Shared\TerrainShaderCallback.h">
      <Filter>Quelldateien</Filter>
    </ClInclude>
    <ClInclude Include="..\Shared\Utils.h">
      <Filter>Quelldateien</Filter>
    </ClInclude>
    <ClInclude Include="..\Shared\WorldScene.h">
      <Filter>Quelldateien</Filter>
    </ClInclude>
    <ClInclude Include="..\Shared\IrrScene.h">
      <Filter>Quelldateien</Filter>
    </ClInclude>
    <ClInclude Include="..\Extern\irrBullet\include\irrBulletCollisionShape.h">
      <Filter>irrBullet</Filter>
    </ClInclude>
    <ClInclude Include="..\Extern\irrBullet\include\irrBulletCommon.h">
      <Filter>irrBullet</Filter>
    </ClInclude>
    <ClInclude Include="..\Extern\irrBullet\include\irrBulletCompileConfig.h">
      <Filter>irrBullet</Filter>
    </ClInclude>
    <ClInclude Include="..\Extern\irrBullet\include\irrBulletConvexHullShape.h">
      <Filter>irrBullet</Filter>
    </ClInclude>
    <ClInclude Include="..\Extern\irrBullet\include\irrBulletCylinderShape.h">
      <Filter>irrBullet</Filter>
    </ClInclude>
    <ClInclude Include="..\Extern\irrBullet\include\irrBulletGImpactMeshShape.h">
      <Filter>irrBullet</Filter>
    </ClInclude>
    <ClInclude Include="..\Extern\irrBullet\include\irrBulletKinematicCharacterController.h">
      <Filter>irrBullet</Filter>
    </ClInclude>
    <ClInclude Include="..\Extern\irrBullet\include\irrBulletLiquidBody.h">
      <Filter>irrBullet</Filter>
    </ClInclude>
    <ClInclude Include="..\Extern\irrBullet\include\irrBulletMotionState.h">
      <Filter>irrBullet</Filter>
    </ClInclude>
    <ClInclude Include="..\Extern\irrBullet\include\irrBulletPhysicsDebug.h">
      <Filter>irrBullet</Filter>
    </ClInclude>
    <ClInclude Include="..\Extern\irrBullet\include\irrBulletRayCastVehicle.h">
      <Filter>irrBullet</Filter>
    </ClInclude>
    <ClInclude Include="..\Extern\irrBullet\include\irrBulletRigidBody.h">
      <Filter>irrBullet</Filter>
    </ClInclude>
    <ClInclude Include="..\Extern\irrBullet\include\irrBulletSoftBody.h">
      <Filter>irrBullet</Filter>
    </ClInclude>
    <ClInclude Include="..\Extern\irrBullet\include\irrBulletSphereShape.h">
      <Filter>irrBullet</Filter>
    </ClInclude>
    <ClInclude Include="..\Extern\irrBullet\include\irrBulletTriangleMeshShape.h">
      <Filter>irrBullet</Filter>
    </ClInclude>
    <ClInclude Include="..\Extern\irrBullet\include\irrBulletWorld.h">
      <Filter>irrBullet</Filter>
    </ClInclude>
    <ClInclude Include="..\Extern\irrBullet\include\irrBullet.h">
      <Filter>irrBullet</Filter>
    </ClInclude>
    <ClInclude Include="..\Extern\irrBullet\include\irrBulletBoxShape.h">
      <Filter>irrBullet</Filter>
    </ClInclude>
    <ClInclude Include="..\Extern\irrBullet\include\irrBulletBvhTriangleMeshShape.h">
      <Filter>irrBullet</Filter>
    </ClInclude>
    <ClInclude Include="..\Extern\irrBullet\include\irrBulletCapsuleShape.h">
      <Filter>irrBullet</Filter>
    </ClInclude>
    <ClInclude Include="..\Extern\irrBullet\include\irrBulletCollisionCallBackInformation.h">
      <Filter>irrBullet</Filter>
    </ClInclude>
    <ClInclude Include="..\Extern\irrBullet\include\irrBulletCollisionObject.h">
      <Filter>irrBullet</Filter>
    </ClInclude>
    <ClInclude Include="..\Extern\irrBullet\include\irrBulletCollisionObjectAffector.h">
      <Filter>irrBullet</Filter>
    </ClInclude>
    <ClInclude Include="..\Extern\irrBullet\include\irrBulletCollisionObjectAffectorAttract.h">
      <Filter>irrBullet</Filter>
    </ClInclude>
    <ClInclude Include="..\Extern\irrBullet\include\irrBulletCollisionObjectAffectorDelete.h">
      <Filter>irrBullet</Filter>
    </ClInclude>
    <ClInclude Include="..\Shared\PhysicsManager.h">
      <Filter>Quelldateien</Filter>
    </ClInclude>
    <ClInclude Include="..\Shared\EnemyManager.h">
      <Filter>Quelldateien</Filter>
    </ClInclude>
    <ClInclude Include="..\Shared\GUIManager.h">
      <Filter>Quelldateien</Filter>
    </ClInclude>
    <ClInclude Include="..\Shared\InputManager.h">
      <Filter>Quelldateien</Filter>
    </ClInclude>
    <ClInclude Include="..\Shared\IrrManager.h">
      <Filter>Quelldateien</Filter>
    </ClInclude>
    <ClInclude Include="..\Shared\WorldInfo.h">
      <Filter>Quelldateien</Filter>
    </ClInclude>
    <ClInclude Include="..\XEffects\EffectHandler.h">
      <Filter>XEffects</Filter>
    </ClInclude>
    <ClInclude Include="..\XEffects\EffectShaders.h">
      <Filter>XEffects</Filter>
    </ClInclude>
    <ClInclude Include="..\XEffects\XEffects.h">
      <Filter>XEffects</Filter>
    </ClInclude>
    <ClInclude Include="..\XEffects\CScreenQuad.h">
      <Filter>XEffects</Filter>
    </ClInclude>
    <ClInclude Include="..\XEffects\CShaderPre.h">
      <Filter>XEffects</Filter>
    </ClInclude>
    <ClInclude Include="..\XEffects\EffectCB.h">
      <Filter>XEffects</Filter>
    </ClInclude>
    <ClInclude Include="..\Shared\SoundManager.h">
      <Filter>Quelldateien</Filter>
    </ClInclude>
  </ItemGroup>
</Project>