// !$*UTF8*$!
{
	archiveVersion = 1;
	classes = {
	};
	objectVersion = 50;
	objects = {

/* Begin PBXBuildFile section */
		09570A75213411F0001A5FCC /* NoiseMapGenerator.cpp in Sources */ = {isa = PBXBuildFile; fileRef = 09570A74213411F0001A5FCC /* NoiseMapGenerator.cpp */; };
		09570A7821341B25001A5FCC /* MapControlEventReceiver.cpp in Sources */ = {isa = PBXBuildFile; fileRef = 09570A7621341B25001A5FCC /* MapControlEventReceiver.cpp */; };
		09570A7B21341E24001A5FCC /* TerrainGenerator.cpp in Sources */ = {isa = PBXBuildFile; fileRef = 09570A7921341E24001A5FCC /* TerrainGenerator.cpp */; };
		9A75F6F5212F3AD600E375B5 /* Assets.xcassets in Resources */ = {isa = PBXBuildFile; fileRef = 9A75F6F4212F3AD600E375B5 /* Assets.xcassets */; };
		9A8FB88C2142E9E000050186 /* BigTreeWithLeaves.obj in Resources */ = {isa = PBXBuildFile; fileRef = 9A8FB88B2142E9E000050186 /* BigTreeWithLeaves.obj */; };
		9A8FB8922142FAEB00050186 /* BigTreeWithLeaves.mtl in Resources */ = {isa = PBXBuildFile; fileRef = 9A8FB8912142FAEB00050186 /* BigTreeWithLeaves.mtl */; };
		9A8FB8992142FC6C00050186 /* Cloud3.mtl in Resources */ = {isa = PBXBuildFile; fileRef = 9A8FB8932142FC6800050186 /* Cloud3.mtl */; };
		9A8FB89A2142FC6C00050186 /* Cloud1_.mtl in Resources */ = {isa = PBXBuildFile; fileRef = 9A8FB8942142FC6900050186 /* Cloud1_.mtl */; };
		9A8FB89B2142FC6C00050186 /* Cloud3.obj in Resources */ = {isa = PBXBuildFile; fileRef = 9A8FB8952142FC6900050186 /* Cloud3.obj */; };
		9A8FB89C2142FC6C00050186 /* Cloud1.obj in Resources */ = {isa = PBXBuildFile; fileRef = 9A8FB8962142FC6A00050186 /* Cloud1.obj */; };
		9A8FB89D2142FC6C00050186 /* Cloud2.mtl in Resources */ = {isa = PBXBuildFile; fileRef = 9A8FB8972142FC6A00050186 /* Cloud2.mtl */; };
		9A8FB89E2142FC6C00050186 /* Cloud2.obj in Resources */ = {isa = PBXBuildFile; fileRef = 9A8FB8982142FC6B00050186 /* Cloud2.obj */; };
		9A8FB8A1214301B200050186 /* TreeTexture.png in Resources */ = {isa = PBXBuildFile; fileRef = 9A8FB8A0214301B200050186 /* TreeTexture.png */; };
		9A8FB8A42143051700050186 /* SmallTreeWithLeave.mtl in Resources */ = {isa = PBXBuildFile; fileRef = 9A8FB8A22143051600050186 /* SmallTreeWithLeave.mtl */; };
		9A8FB8A52143051700050186 /* SmallTreeWithLeave.obj in Resources */ = {isa = PBXBuildFile; fileRef = 9A8FB8A32143051600050186 /* SmallTreeWithLeave.obj */; };
		9A8FB8A72143052200050186 /* BushTexture.png in Resources */ = {isa = PBXBuildFile; fileRef = 9A8FB8A62143052200050186 /* BushTexture.png */; };
		9A8FB8AA2143052E00050186 /* BigBush.obj in Resources */ = {isa = PBXBuildFile; fileRef = 9A8FB8A82143052E00050186 /* BigBush.obj */; };
		9A8FB8AB2143052E00050186 /* BigBush.mtl in Resources */ = {isa = PBXBuildFile; fileRef = 9A8FB8A92143052E00050186 /* BigBush.mtl */; };
		9A8FB8B121430AA700050186 /* file.vert in Resources */ = {isa = PBXBuildFile; fileRef = 9A8FB8AD21430AA700050186 /* file.vert */; };
		9A8FB8B221430AA700050186 /* tree.vert in Resources */ = {isa = PBXBuildFile; fileRef = 9A8FB8AE21430AA700050186 /* tree.vert */; };
		9A8FB8B321430AA700050186 /* file.frag in Resources */ = {isa = PBXBuildFile; fileRef = 9A8FB8AF21430AA700050186 /* file.frag */; };
		9A8FB8B421430AA700050186 /* tree.frag in Resources */ = {isa = PBXBuildFile; fileRef = 9A8FB8B021430AA700050186 /* tree.frag */; };
		9A8FB8B621430D2B00050186 /* white.png in Resources */ = {isa = PBXBuildFile; fileRef = 9A8FB8B521430D2B00050186 /* white.png */; };
		9A8FB8B921430EA500050186 /* cloud.frag in Resources */ = {isa = PBXBuildFile; fileRef = 9A8FB8B721430EA400050186 /* cloud.frag */; };
		9A8FB8BA21430EA500050186 /* cloud.vert in Resources */ = {isa = PBXBuildFile; fileRef = 9A8FB8B821430EA500050186 /* cloud.vert */; };
		9AB696A6212F3B8F00E164C0 /* main.cpp in Sources */ = {isa = PBXBuildFile; fileRef = 9A75F703212F3B5800E375B5 /* main.cpp */; };
		9AB696AB212F3C0200E164C0 /* OpenGL.framework in Frameworks */ = {isa = PBXBuildFile; fileRef = 9AB696AA212F3C0100E164C0 /* OpenGL.framework */; };
		9AB696AD212F3C0600E164C0 /* AppKit.framework in Frameworks */ = {isa = PBXBuildFile; fileRef = 9AB696AC212F3C0600E164C0 /* AppKit.framework */; };
		9AB696B1212F3C7600E164C0 /* IOKit.framework in Frameworks */ = {isa = PBXBuildFile; fileRef = 9AB696B0212F3C7600E164C0 /* IOKit.framework */; };
		9AEA764D213DE23400E689E7 /* TerrainShaderCallback.cpp in Sources */ = {isa = PBXBuildFile; fileRef = 9AEA764B213DE23400E689E7 /* TerrainShaderCallback.cpp */; };
		9AEEFC3E213F47C7005B4CC6 /* libIrrlicht.a in Frameworks */ = {isa = PBXBuildFile; fileRef = 9AEEFC3C213F2B7D005B4CC6 /* libIrrlicht.a */; };
		9AEEFC44214036A8005B4CC6 /* Utils.cpp in Sources */ = {isa = PBXBuildFile; fileRef = 9AEEFC43214036A8005B4CC6 /* Utils.cpp */; };
/* End PBXBuildFile section */

/* Begin PBXContainerItemProxy section */
		9AEEFC3B213F2B7D005B4CC6 /* PBXContainerItemProxy */ = {
			isa = PBXContainerItemProxy;
			containerPortal = 9AEEFC37213F2B7D005B4CC6 /* Irrlicht.xcodeproj */;
			proxyType = 2;
			remoteGlobalIDString = 5E34C9F31B7F6E3400F212E8;
			remoteInfo = Irrlicht_OSX;
		};
		9AEEFC3F213F492C005B4CC6 /* PBXContainerItemProxy */ = {
			isa = PBXContainerItemProxy;
			containerPortal = 9AEEFC37213F2B7D005B4CC6 /* Irrlicht.xcodeproj */;
			proxyType = 1;
			remoteGlobalIDString = 5E34C9F21B7F6E3400F212E8;
			remoteInfo = Irrlicht_OSX;
		};
/* End PBXContainerItemProxy section */

/* Begin PBXFileReference section */
		09570A73213410B0001A5FCC /* NoiseMapGenerator.h */ = {isa = PBXFileReference; lastKnownFileType = sourcecode.c.h; name = NoiseMapGenerator.h; path = Shared/NoiseMapGenerator.h; sourceTree = SOURCE_ROOT; wrapsLines = 0; };
		09570A74213411F0001A5FCC /* NoiseMapGenerator.cpp */ = {isa = PBXFileReference; lastKnownFileType = sourcecode.cpp.cpp; name = NoiseMapGenerator.cpp; path = Shared/NoiseMapGenerator.cpp; sourceTree = SOURCE_ROOT; wrapsLines = 0; };
		09570A7621341B25001A5FCC /* MapControlEventReceiver.cpp */ = {isa = PBXFileReference; lastKnownFileType = sourcecode.cpp.cpp; name = MapControlEventReceiver.cpp; path = Shared/MapControlEventReceiver.cpp; sourceTree = SOURCE_ROOT; };
		09570A7721341B25001A5FCC /* MapControlEventReceiver.hpp */ = {isa = PBXFileReference; lastKnownFileType = sourcecode.cpp.h; name = MapControlEventReceiver.hpp; path = Shared/MapControlEventReceiver.hpp; sourceTree = SOURCE_ROOT; };
		09570A7921341E24001A5FCC /* TerrainGenerator.cpp */ = {isa = PBXFileReference; lastKnownFileType = sourcecode.cpp.cpp; name = TerrainGenerator.cpp; path = Shared/TerrainGenerator.cpp; sourceTree = SOURCE_ROOT; wrapsLines = 0; };
		09570A7A21341E24001A5FCC /* TerrainGenerator.hpp */ = {isa = PBXFileReference; lastKnownFileType = sourcecode.cpp.h; name = TerrainGenerator.hpp; path = Shared/TerrainGenerator.hpp; sourceTree = SOURCE_ROOT; };
		09ED26C621354261007AEDFD /* PerlinNoise.hpp */ = {isa = PBXFileReference; lastKnownFileType = sourcecode.cpp.h; name = PerlinNoise.hpp; path = Shared/PerlinNoise.hpp; sourceTree = SOURCE_ROOT; };
		9A75F6EE212F3AD400E375B5 /* ProcMapGeneration-macOS.app */ = {isa = PBXFileReference; explicitFileType = wrapper.application; includeInIndex = 0; path = "ProcMapGeneration-macOS.app"; sourceTree = BUILT_PRODUCTS_DIR; };
		9A75F6F4212F3AD600E375B5 /* Assets.xcassets */ = {isa = PBXFileReference; lastKnownFileType = folder.assetcatalog; path = Assets.xcassets; sourceTree = "<group>"; };
		9A75F6F9212F3AD700E375B5 /* Info.plist */ = {isa = PBXFileReference; lastKnownFileType = text.plist.xml; path = Info.plist; sourceTree = "<group>"; };
		9A75F6FC212F3AD700E375B5 /* ProcMapGeneration_macOS.entitlements */ = {isa = PBXFileReference; lastKnownFileType = text.plist.entitlements; path = ProcMapGeneration_macOS.entitlements; sourceTree = "<group>"; };
		9A75F703212F3B5800E375B5 /* main.cpp */ = {isa = PBXFileReference; lastKnownFileType = sourcecode.cpp.cpp; name = main.cpp; path = ProcMapGeneration/main.cpp; sourceTree = SOURCE_ROOT; wrapsLines = 0; };
		9A75F706212F3B5800E375B5 /* bitmap_image.h */ = {isa = PBXFileReference; lastKnownFileType = sourcecode.c.h; name = bitmap_image.h; path = ProcMapGeneration/bitmap_image.h; sourceTree = SOURCE_ROOT; };
		9A75F709212F3B5800E375B5 /* ColorSelector.hpp */ = {isa = PBXFileReference; lastKnownFileType = sourcecode.cpp.h; name = ColorSelector.hpp; path = ProcMapGeneration/ColorSelector.hpp; sourceTree = SOURCE_ROOT; };
		9A75F70A212F3B5800E375B5 /* targetver.h */ = {isa = PBXFileReference; lastKnownFileType = sourcecode.c.h; name = targetver.h; path = ProcMapGeneration/targetver.h; sourceTree = SOURCE_ROOT; };
		9A8FB88B2142E9E000050186 /* BigTreeWithLeaves.obj */ = {isa = PBXFileReference; fileEncoding = 4; lastKnownFileType = text; path = BigTreeWithLeaves.obj; sourceTree = "<group>"; };
		9A8FB8912142FAEB00050186 /* BigTreeWithLeaves.mtl */ = {isa = PBXFileReference; fileEncoding = 4; lastKnownFileType = text; path = BigTreeWithLeaves.mtl; sourceTree = "<group>"; };
		9A8FB8932142FC6800050186 /* Cloud3.mtl */ = {isa = PBXFileReference; fileEncoding = 4; lastKnownFileType = text; path = Cloud3.mtl; sourceTree = "<group>"; };
		9A8FB8942142FC6900050186 /* Cloud1_.mtl */ = {isa = PBXFileReference; fileEncoding = 4; lastKnownFileType = text; path = Cloud1_.mtl; sourceTree = "<group>"; };
		9A8FB8952142FC6900050186 /* Cloud3.obj */ = {isa = PBXFileReference; fileEncoding = 4; lastKnownFileType = text; path = Cloud3.obj; sourceTree = "<group>"; };
		9A8FB8962142FC6A00050186 /* Cloud1.obj */ = {isa = PBXFileReference; fileEncoding = 4; lastKnownFileType = text; path = Cloud1.obj; sourceTree = "<group>"; };
		9A8FB8972142FC6A00050186 /* Cloud2.mtl */ = {isa = PBXFileReference; fileEncoding = 4; lastKnownFileType = text; path = Cloud2.mtl; sourceTree = "<group>"; };
		9A8FB8982142FC6B00050186 /* Cloud2.obj */ = {isa = PBXFileReference; fileEncoding = 4; lastKnownFileType = text; path = Cloud2.obj; sourceTree = "<group>"; };
		9A8FB8A0214301B200050186 /* TreeTexture.png */ = {isa = PBXFileReference; lastKnownFileType = image.png; path = TreeTexture.png; sourceTree = "<group>"; };
		9A8FB8A22143051600050186 /* SmallTreeWithLeave.mtl */ = {isa = PBXFileReference; fileEncoding = 4; lastKnownFileType = text; path = SmallTreeWithLeave.mtl; sourceTree = "<group>"; };
		9A8FB8A32143051600050186 /* SmallTreeWithLeave.obj */ = {isa = PBXFileReference; fileEncoding = 4; lastKnownFileType = text; path = SmallTreeWithLeave.obj; sourceTree = "<group>"; };
		9A8FB8A62143052200050186 /* BushTexture.png */ = {isa = PBXFileReference; lastKnownFileType = image.png; path = BushTexture.png; sourceTree = "<group>"; };
		9A8FB8A82143052E00050186 /* BigBush.obj */ = {isa = PBXFileReference; fileEncoding = 4; lastKnownFileType = text; path = BigBush.obj; sourceTree = "<group>"; };
		9A8FB8A92143052E00050186 /* BigBush.mtl */ = {isa = PBXFileReference; fileEncoding = 4; lastKnownFileType = text; path = BigBush.mtl; sourceTree = "<group>"; };
		9A8FB8AD21430AA700050186 /* file.vert */ = {isa = PBXFileReference; fileEncoding = 4; lastKnownFileType = sourcecode.glsl; name = file.vert; path = Shader/file.vert; sourceTree = SOURCE_ROOT; };
		9A8FB8AE21430AA700050186 /* tree.vert */ = {isa = PBXFileReference; fileEncoding = 4; lastKnownFileType = sourcecode.glsl; name = tree.vert; path = Shader/tree.vert; sourceTree = SOURCE_ROOT; };
		9A8FB8AF21430AA700050186 /* file.frag */ = {isa = PBXFileReference; fileEncoding = 4; lastKnownFileType = sourcecode.glsl; name = file.frag; path = Shader/file.frag; sourceTree = SOURCE_ROOT; };
		9A8FB8B021430AA700050186 /* tree.frag */ = {isa = PBXFileReference; fileEncoding = 4; lastKnownFileType = sourcecode.glsl; name = tree.frag; path = Shader/tree.frag; sourceTree = SOURCE_ROOT; };
		9A8FB8B521430D2B00050186 /* white.png */ = {isa = PBXFileReference; lastKnownFileType = image.png; path = white.png; sourceTree = "<group>"; };
		9A8FB8B721430EA400050186 /* cloud.frag */ = {isa = PBXFileReference; fileEncoding = 4; lastKnownFileType = sourcecode.glsl; name = cloud.frag; path = Shader/cloud.frag; sourceTree = SOURCE_ROOT; };
		9A8FB8B821430EA500050186 /* cloud.vert */ = {isa = PBXFileReference; fileEncoding = 4; lastKnownFileType = sourcecode.glsl; name = cloud.vert; path = Shader/cloud.vert; sourceTree = SOURCE_ROOT; };
		9A8FB8BC21434C0200050186 /* post.h */ = {isa = PBXFileReference; lastKnownFileType = sourcecode.c.h; name = post.h; path = Shared/post.h; sourceTree = SOURCE_ROOT; };
		9AB696AA212F3C0100E164C0 /* OpenGL.framework */ = {isa = PBXFileReference; lastKnownFileType = wrapper.framework; name = OpenGL.framework; path = System/Library/Frameworks/OpenGL.framework; sourceTree = SDKROOT; };
		9AB696AC212F3C0600E164C0 /* AppKit.framework */ = {isa = PBXFileReference; lastKnownFileType = wrapper.framework; name = AppKit.framework; path = System/Library/Frameworks/AppKit.framework; sourceTree = SDKROOT; };
		9AB696B0212F3C7600E164C0 /* IOKit.framework */ = {isa = PBXFileReference; lastKnownFileType = wrapper.framework; name = IOKit.framework; path = System/Library/Frameworks/IOKit.framework; sourceTree = SDKROOT; };
		9AEA764B213DE23400E689E7 /* TerrainShaderCallback.cpp */ = {isa = PBXFileReference; lastKnownFileType = sourcecode.cpp.cpp; name = TerrainShaderCallback.cpp; path = Shared/TerrainShaderCallback.cpp; sourceTree = SOURCE_ROOT; };
		9AEA764C213DE23400E689E7 /* TerrainShaderCallback.h */ = {isa = PBXFileReference; lastKnownFileType = sourcecode.c.h; name = TerrainShaderCallback.h; path = Shared/TerrainShaderCallback.h; sourceTree = SOURCE_ROOT; };
		9AEEFC37213F2B7D005B4CC6 /* Irrlicht.xcodeproj */ = {isa = PBXFileReference; lastKnownFileType = "wrapper.pb-project"; name = Irrlicht.xcodeproj; path = ../../external/irrlicht/source/Irrlicht/Irrlicht.xcodeproj; sourceTree = "<group>"; };
		9AEEFC41213F58AF005B4CC6 /* Utils.h */ = {isa = PBXFileReference; lastKnownFileType = sourcecode.c.h; name = Utils.h; path = Shared/Utils.h; sourceTree = SOURCE_ROOT; wrapsLines = 0; };
		9AEEFC43214036A8005B4CC6 /* Utils.cpp */ = {isa = PBXFileReference; lastKnownFileType = sourcecode.cpp.cpp; name = Utils.cpp; path = Shared/Utils.cpp; sourceTree = SOURCE_ROOT; };
/* End PBXFileReference section */

/* Begin PBXFrameworksBuildPhase section */
		9A75F6EB212F3AD400E375B5 /* Frameworks */ = {
			isa = PBXFrameworksBuildPhase;
			buildActionMask = 2147483647;
			files = (
				9AEEFC3E213F47C7005B4CC6 /* libIrrlicht.a in Frameworks */,
				9AB696B1212F3C7600E164C0 /* IOKit.framework in Frameworks */,
				9AB696AD212F3C0600E164C0 /* AppKit.framework in Frameworks */,
				9AB696AB212F3C0200E164C0 /* OpenGL.framework in Frameworks */,
			);
			runOnlyForDeploymentPostprocessing = 0;
		};
/* End PBXFrameworksBuildPhase section */

/* Begin PBXGroup section */
		9A75F6E5212F3AD400E375B5 = {
			isa = PBXGroup;
			children = (
				9A75F6F0212F3AD400E375B5 /* ProcMapGeneration-macOS */,
				9A75F6EF212F3AD400E375B5 /* Products */,
				9AB696A9212F3C0100E164C0 /* Frameworks */,
			);
			sourceTree = "<group>";
		};
		9A75F6EF212F3AD400E375B5 /* Products */ = {
			isa = PBXGroup;
			children = (
				9A75F6EE212F3AD400E375B5 /* ProcMapGeneration-macOS.app */,
			);
			name = Products;
			sourceTree = "<group>";
		};
		9A75F6F0212F3AD400E375B5 /* ProcMapGeneration-macOS */ = {
			isa = PBXGroup;
			children = (
				9A75F703212F3B5800E375B5 /* main.cpp */,
				9A75F709212F3B5800E375B5 /* ColorSelector.hpp */,
				09570A7A21341E24001A5FCC /* TerrainGenerator.hpp */,
				09570A7921341E24001A5FCC /* TerrainGenerator.cpp */,
				09570A73213410B0001A5FCC /* NoiseMapGenerator.h */,
				09570A74213411F0001A5FCC /* NoiseMapGenerator.cpp */,
				09570A7721341B25001A5FCC /* MapControlEventReceiver.hpp */,
				09570A7621341B25001A5FCC /* MapControlEventReceiver.cpp */,
				9AEA764C213DE23400E689E7 /* TerrainShaderCallback.h */,
				9AEA764B213DE23400E689E7 /* TerrainShaderCallback.cpp */,
				9AEEFC41213F58AF005B4CC6 /* Utils.h */,
				9AEEFC43214036A8005B4CC6 /* Utils.cpp */,
				9A8FB8BC21434C0200050186 /* post.h */,
				9AB696B4212F3D1F00E164C0 /* External */,
				9A8FB8AC21430A9400050186 /* Shader */,
				9A8FB89F2142FC7900050186 /* Models */,
				9A8FB8BB2143102D00050186 /* Supporting Files */,
			);
			path = "ProcMapGeneration-macOS";
			sourceTree = "<group>";
		};
		9A8FB89F2142FC7900050186 /* Models */ = {
			isa = PBXGroup;
			children = (
				9A8FB8912142FAEB00050186 /* BigTreeWithLeaves.mtl */,
				9A8FB88B2142E9E000050186 /* BigTreeWithLeaves.obj */,
				9A8FB8942142FC6900050186 /* Cloud1_.mtl */,
				9A8FB8962142FC6A00050186 /* Cloud1.obj */,
				9A8FB8972142FC6A00050186 /* Cloud2.mtl */,
				9A8FB8982142FC6B00050186 /* Cloud2.obj */,
				9A8FB8932142FC6800050186 /* Cloud3.mtl */,
				9A8FB8952142FC6900050186 /* Cloud3.obj */,
				9A8FB8A22143051600050186 /* SmallTreeWithLeave.mtl */,
				9A8FB8A32143051600050186 /* SmallTreeWithLeave.obj */,
				9A8FB8A92143052E00050186 /* BigBush.mtl */,
				9A8FB8A82143052E00050186 /* BigBush.obj */,
				9A8FB8B521430D2B00050186 /* white.png */,
				9A8FB8A62143052200050186 /* BushTexture.png */,
				9A8FB8A0214301B200050186 /* TreeTexture.png */,
			);
			name = Models;
			sourceTree = "<group>";
		};
		9A8FB8AC21430A9400050186 /* Shader */ = {
			isa = PBXGroup;
			children = (
				9A8FB8AF21430AA700050186 /* file.frag */,
				9A8FB8AD21430AA700050186 /* file.vert */,
				9A8FB8B021430AA700050186 /* tree.frag */,
				9A8FB8AE21430AA700050186 /* tree.vert */,
				9A8FB8B721430EA400050186 /* cloud.frag */,
				9A8FB8B821430EA500050186 /* cloud.vert */,
			);
			name = Shader;
			sourceTree = "<group>";
		};
		9A8FB8BB2143102D00050186 /* Supporting Files */ = {
			isa = PBXGroup;
			children = (
				9A75F6F4212F3AD600E375B5 /* Assets.xcassets */,
				9A75F6F9212F3AD700E375B5 /* Info.plist */,
				9A75F6FC212F3AD700E375B5 /* ProcMapGeneration_macOS.entitlements */,
			);
			name = "Supporting Files";
			sourceTree = "<group>";
		};
		9AB696A9212F3C0100E164C0 /* Frameworks */ = {
			isa = PBXGroup;
			children = (
				9AEEFC37213F2B7D005B4CC6 /* Irrlicht.xcodeproj */,
				9AB696B0212F3C7600E164C0 /* IOKit.framework */,
				9AB696AC212F3C0600E164C0 /* AppKit.framework */,
				9AB696AA212F3C0100E164C0 /* OpenGL.framework */,
			);
			name = Frameworks;
			sourceTree = "<group>";
		};
		9AB696B4212F3D1F00E164C0 /* External */ = {
			isa = PBXGroup;
			children = (
				9A75F706212F3B5800E375B5 /* bitmap_image.h */,
				9A75F70A212F3B5800E375B5 /* targetver.h */,
				09ED26C621354261007AEDFD /* PerlinNoise.hpp */,
			);
			name = External;
			sourceTree = "<group>";
		};
		9AEEFC38213F2B7D005B4CC6 /* Products */ = {
			isa = PBXGroup;
			children = (
				9AEEFC3C213F2B7D005B4CC6 /* libIrrlicht.a */,
			);
			name = Products;
			sourceTree = "<group>";
		};
/* End PBXGroup section */

/* Begin PBXNativeTarget section */
		9A75F6ED212F3AD400E375B5 /* ProcMapGeneration-macOS */ = {
			isa = PBXNativeTarget;
			buildConfigurationList = 9A75F6FF212F3AD700E375B5 /* Build configuration list for PBXNativeTarget "ProcMapGeneration-macOS" */;
			buildPhases = (
				9A75F6EA212F3AD400E375B5 /* Sources */,
				9A75F6EB212F3AD400E375B5 /* Frameworks */,
				9A75F6EC212F3AD400E375B5 /* Resources */,
			);
			buildRules = (
			);
			dependencies = (
				9AEEFC40213F492C005B4CC6 /* PBXTargetDependency */,
			);
			name = "ProcMapGeneration-macOS";
			productName = "ProcMapGeneration-macOS";
			productReference = 9A75F6EE212F3AD400E375B5 /* ProcMapGeneration-macOS.app */;
			productType = "com.apple.product-type.application";
		};
/* End PBXNativeTarget section */

/* Begin PBXProject section */
		9A75F6E6212F3AD400E375B5 /* Project object */ = {
			isa = PBXProject;
			attributes = {
				LastUpgradeCheck = 1000;
				ORGANIZATIONNAME = "Tom Albrecht";
				TargetAttributes = {
					9A75F6ED212F3AD400E375B5 = {
						CreatedOnToolsVersion = 10.0;
						SystemCapabilities = {
							com.apple.Sandbox = {
								enabled = 0;
							};
						};
					};
				};
			};
			buildConfigurationList = 9A75F6E9212F3AD400E375B5 /* Build configuration list for PBXProject "ProcMapGeneration-macOS" */;
			compatibilityVersion = "Xcode 9.3";
			developmentRegion = en;
			hasScannedForEncodings = 0;
			knownRegions = (
				en,
				Base,
			);
			mainGroup = 9A75F6E5212F3AD400E375B5;
			productRefGroup = 9A75F6EF212F3AD400E375B5 /* Products */;
			projectDirPath = "";
			projectReferences = (
				{
					ProductGroup = 9AEEFC38213F2B7D005B4CC6 /* Products */;
					ProjectRef = 9AEEFC37213F2B7D005B4CC6 /* Irrlicht.xcodeproj */;
				},
			);
			projectRoot = "";
			targets = (
				9A75F6ED212F3AD400E375B5 /* ProcMapGeneration-macOS */,
			);
		};
/* End PBXProject section */

/* Begin PBXReferenceProxy section */
		9AEEFC3C213F2B7D005B4CC6 /* libIrrlicht.a */ = {
			isa = PBXReferenceProxy;
			fileType = archive.ar;
			path = libIrrlicht.a;
			remoteRef = 9AEEFC3B213F2B7D005B4CC6 /* PBXContainerItemProxy */;
			sourceTree = BUILT_PRODUCTS_DIR;
		};
/* End PBXReferenceProxy section */

/* Begin PBXResourcesBuildPhase section */
		9A75F6EC212F3AD400E375B5 /* Resources */ = {
			isa = PBXResourcesBuildPhase;
			buildActionMask = 2147483647;
			files = (
				9A8FB88C2142E9E000050186 /* BigTreeWithLeaves.obj in Resources */,
				9A8FB8B321430AA700050186 /* file.frag in Resources */,
				9A8FB8A42143051700050186 /* SmallTreeWithLeave.mtl in Resources */,
				9A8FB89C2142FC6C00050186 /* Cloud1.obj in Resources */,
				9A8FB8A72143052200050186 /* BushTexture.png in Resources */,
				9A8FB8B621430D2B00050186 /* white.png in Resources */,
				9A8FB8AA2143052E00050186 /* BigBush.obj in Resources */,
				9A8FB8A1214301B200050186 /* TreeTexture.png in Resources */,
				9A8FB89E2142FC6C00050186 /* Cloud2.obj in Resources */,
				9A8FB8B121430AA700050186 /* file.vert in Resources */,
				9A8FB8B221430AA700050186 /* tree.vert in Resources */,
				9A8FB8A52143051700050186 /* SmallTreeWithLeave.obj in Resources */,
				9A8FB8992142FC6C00050186 /* Cloud3.mtl in Resources */,
				9A75F6F5212F3AD600E375B5 /* Assets.xcassets in Resources */,
				9A8FB89A2142FC6C00050186 /* Cloud1_.mtl in Resources */,
				9A8FB8BA21430EA500050186 /* cloud.vert in Resources */,
				9A8FB89B2142FC6C00050186 /* Cloud3.obj in Resources */,
				9A8FB8B921430EA500050186 /* cloud.frag in Resources */,
				9A8FB8922142FAEB00050186 /* BigTreeWithLeaves.mtl in Resources */,
				9A8FB8AB2143052E00050186 /* BigBush.mtl in Resources */,
				9A8FB89D2142FC6C00050186 /* Cloud2.mtl in Resources */,
				9A8FB8B421430AA700050186 /* tree.frag in Resources */,
			);
			runOnlyForDeploymentPostprocessing = 0;
		};
/* End PBXResourcesBuildPhase section */

/* Begin PBXSourcesBuildPhase section */
		9A75F6EA212F3AD400E375B5 /* Sources */ = {
			isa = PBXSourcesBuildPhase;
			buildActionMask = 2147483647;
			files = (
				09570A75213411F0001A5FCC /* NoiseMapGenerator.cpp in Sources */,
				9AB696A6212F3B8F00E164C0 /* main.cpp in Sources */,
				9AEEFC44214036A8005B4CC6 /* Utils.cpp in Sources */,
				09570A7B21341E24001A5FCC /* TerrainGenerator.cpp in Sources */,
				09570A7821341B25001A5FCC /* MapControlEventReceiver.cpp in Sources */,
				9AEA764D213DE23400E689E7 /* TerrainShaderCallback.cpp in Sources */,
			);
			runOnlyForDeploymentPostprocessing = 0;
		};
/* End PBXSourcesBuildPhase section */

/* Begin PBXTargetDependency section */
		9AEEFC40213F492C005B4CC6 /* PBXTargetDependency */ = {
			isa = PBXTargetDependency;
			name = Irrlicht_OSX;
			targetProxy = 9AEEFC3F213F492C005B4CC6 /* PBXContainerItemProxy */;
		};
/* End PBXTargetDependency section */

/* Begin XCBuildConfiguration section */
		9A75F6FD212F3AD700E375B5 /* Debug */ = {
			isa = XCBuildConfiguration;
			buildSettings = {
				ALWAYS_SEARCH_USER_PATHS = NO;
				CLANG_ANALYZER_NONNULL = YES;
				CLANG_ANALYZER_NUMBER_OBJECT_CONVERSION = YES_AGGRESSIVE;
				CLANG_CXX_LANGUAGE_STANDARD = "gnu++14";
				CLANG_CXX_LIBRARY = "libc++";
				CLANG_ENABLE_MODULES = YES;
				CLANG_ENABLE_OBJC_ARC = YES;
				CLANG_ENABLE_OBJC_WEAK = YES;
				CLANG_WARN_BLOCK_CAPTURE_AUTORELEASING = YES;
				CLANG_WARN_BOOL_CONVERSION = YES;
				CLANG_WARN_COMMA = YES;
				CLANG_WARN_CONSTANT_CONVERSION = YES;
				CLANG_WARN_DEPRECATED_OBJC_IMPLEMENTATIONS = YES;
				CLANG_WARN_DIRECT_OBJC_ISA_USAGE = YES_ERROR;
				CLANG_WARN_DOCUMENTATION_COMMENTS = YES;
				CLANG_WARN_EMPTY_BODY = YES;
				CLANG_WARN_ENUM_CONVERSION = YES;
				CLANG_WARN_INFINITE_RECURSION = YES;
				CLANG_WARN_INT_CONVERSION = YES;
				CLANG_WARN_NON_LITERAL_NULL_CONVERSION = YES;
				CLANG_WARN_OBJC_IMPLICIT_RETAIN_SELF = YES;
				CLANG_WARN_OBJC_LITERAL_CONVERSION = YES;
				CLANG_WARN_OBJC_ROOT_CLASS = YES_ERROR;
				CLANG_WARN_RANGE_LOOP_ANALYSIS = YES;
				CLANG_WARN_STRICT_PROTOTYPES = YES;
				CLANG_WARN_SUSPICIOUS_MOVE = YES;
				CLANG_WARN_UNGUARDED_AVAILABILITY = YES_AGGRESSIVE;
				CLANG_WARN_UNREACHABLE_CODE = YES;
				CLANG_WARN__DUPLICATE_METHOD_MATCH = YES;
				CODE_SIGN_IDENTITY = "-";
				COPY_PHASE_STRIP = NO;
				DEBUG_INFORMATION_FORMAT = dwarf;
				ENABLE_STRICT_OBJC_MSGSEND = YES;
				ENABLE_TESTABILITY = YES;
				GCC_C_LANGUAGE_STANDARD = gnu11;
				GCC_DYNAMIC_NO_PIC = NO;
				GCC_NO_COMMON_BLOCKS = YES;
				GCC_OPTIMIZATION_LEVEL = 0;
				GCC_PREPROCESSOR_DEFINITIONS = (
					"DEBUG=1",
					"$(inherited)",
				);
				GCC_WARN_64_TO_32_BIT_CONVERSION = YES;
				GCC_WARN_ABOUT_RETURN_TYPE = YES_ERROR;
				GCC_WARN_UNDECLARED_SELECTOR = YES;
				GCC_WARN_UNINITIALIZED_AUTOS = YES_AGGRESSIVE;
				GCC_WARN_UNUSED_FUNCTION = YES;
				GCC_WARN_UNUSED_VARIABLE = YES;
				MACOSX_DEPLOYMENT_TARGET = 10.14;
				MTL_ENABLE_DEBUG_INFO = INCLUDE_SOURCE;
				MTL_FAST_MATH = YES;
				ONLY_ACTIVE_ARCH = YES;
				SDKROOT = macosx;
			};
			name = Debug;
		};
		9A75F6FE212F3AD700E375B5 /* Release */ = {
			isa = XCBuildConfiguration;
			buildSettings = {
				ALWAYS_SEARCH_USER_PATHS = NO;
				CLANG_ANALYZER_NONNULL = YES;
				CLANG_ANALYZER_NUMBER_OBJECT_CONVERSION = YES_AGGRESSIVE;
				CLANG_CXX_LANGUAGE_STANDARD = "gnu++14";
				CLANG_CXX_LIBRARY = "libc++";
				CLANG_ENABLE_MODULES = YES;
				CLANG_ENABLE_OBJC_ARC = YES;
				CLANG_ENABLE_OBJC_WEAK = YES;
				CLANG_WARN_BLOCK_CAPTURE_AUTORELEASING = YES;
				CLANG_WARN_BOOL_CONVERSION = YES;
				CLANG_WARN_COMMA = YES;
				CLANG_WARN_CONSTANT_CONVERSION = YES;
				CLANG_WARN_DEPRECATED_OBJC_IMPLEMENTATIONS = YES;
				CLANG_WARN_DIRECT_OBJC_ISA_USAGE = YES_ERROR;
				CLANG_WARN_DOCUMENTATION_COMMENTS = YES;
				CLANG_WARN_EMPTY_BODY = YES;
				CLANG_WARN_ENUM_CONVERSION = YES;
				CLANG_WARN_INFINITE_RECURSION = YES;
				CLANG_WARN_INT_CONVERSION = YES;
				CLANG_WARN_NON_LITERAL_NULL_CONVERSION = YES;
				CLANG_WARN_OBJC_IMPLICIT_RETAIN_SELF = YES;
				CLANG_WARN_OBJC_LITERAL_CONVERSION = YES;
				CLANG_WARN_OBJC_ROOT_CLASS = YES_ERROR;
				CLANG_WARN_RANGE_LOOP_ANALYSIS = YES;
				CLANG_WARN_STRICT_PROTOTYPES = YES;
				CLANG_WARN_SUSPICIOUS_MOVE = YES;
				CLANG_WARN_UNGUARDED_AVAILABILITY = YES_AGGRESSIVE;
				CLANG_WARN_UNREACHABLE_CODE = YES;
				CLANG_WARN__DUPLICATE_METHOD_MATCH = YES;
				CODE_SIGN_IDENTITY = "-";
				COPY_PHASE_STRIP = NO;
				DEBUG_INFORMATION_FORMAT = "dwarf-with-dsym";
				ENABLE_NS_ASSERTIONS = NO;
				ENABLE_STRICT_OBJC_MSGSEND = YES;
				GCC_C_LANGUAGE_STANDARD = gnu11;
				GCC_NO_COMMON_BLOCKS = YES;
				GCC_WARN_64_TO_32_BIT_CONVERSION = YES;
				GCC_WARN_ABOUT_RETURN_TYPE = YES_ERROR;
				GCC_WARN_UNDECLARED_SELECTOR = YES;
				GCC_WARN_UNINITIALIZED_AUTOS = YES_AGGRESSIVE;
				GCC_WARN_UNUSED_FUNCTION = YES;
				GCC_WARN_UNUSED_VARIABLE = YES;
				MACOSX_DEPLOYMENT_TARGET = 10.14;
				MTL_ENABLE_DEBUG_INFO = NO;
				MTL_FAST_MATH = YES;
				SDKROOT = macosx;
			};
			name = Release;
		};
		9A75F700212F3AD700E375B5 /* Debug */ = {
			isa = XCBuildConfiguration;
			buildSettings = {
				ASSETCATALOG_COMPILER_APPICON_NAME = AppIcon;
				CLANG_WARN_DOCUMENTATION_COMMENTS = NO;
				CODE_SIGN_STYLE = Automatic;
				COMBINE_HIDPI_IMAGES = YES;
				GCC_OPTIMIZATION_LEVEL = fast;
				HEADER_SEARCH_PATHS = (
					ProcMapGeneration,
					Shared,
				);
				INFOPLIST_FILE = "ProcMapGeneration-macOS/Info.plist";
				LD_RUNPATH_SEARCH_PATHS = (
					"$(inherited)",
					"@executable_path/../Frameworks",
				);
				LIBRARY_SEARCH_PATHS = ../../external/irrlicht/lib/OSX;
				MACOSX_DEPLOYMENT_TARGET = 10.13;
				OTHER_CPLUSPLUSFLAGS = (
					"$(OTHER_CFLAGS)",
					"-DMACOS",
				);
				PRODUCT_BUNDLE_IDENTIFIER = "com.defense2000x.ProcMapGeneration-macOS";
				PRODUCT_NAME = "$(TARGET_NAME)";
				SYSTEM_HEADER_SEARCH_PATHS = ../../external/irrlicht/include;
			};
			name = Debug;
		};
		9A75F701212F3AD700E375B5 /* Release */ = {
			isa = XCBuildConfiguration;
			buildSettings = {
				ASSETCATALOG_COMPILER_APPICON_NAME = AppIcon;
				CLANG_WARN_DOCUMENTATION_COMMENTS = NO;
				CODE_SIGN_STYLE = Automatic;
				COMBINE_HIDPI_IMAGES = YES;
				HEADER_SEARCH_PATHS = (
					ProcMapGeneration,
					Shared,
				);
				INFOPLIST_FILE = "ProcMapGeneration-macOS/Info.plist";
				LD_RUNPATH_SEARCH_PATHS = (
					"$(inherited)",
					"@executable_path/../Frameworks",
				);
				LIBRARY_SEARCH_PATHS = ../../external/irrlicht/lib/OSX;
				MACOSX_DEPLOYMENT_TARGET = 10.13;
				OTHER_CPLUSPLUSFLAGS = (
					"$(OTHER_CFLAGS)",
					"-DMACOS",
				);
				PRODUCT_BUNDLE_IDENTIFIER = "com.defense2000x.ProcMapGeneration-macOS";
				PRODUCT_NAME = "$(TARGET_NAME)";
				SYSTEM_HEADER_SEARCH_PATHS = ../../external/irrlicht/include;
			};
			name = Release;
		};
/* End XCBuildConfiguration section */

/* Begin XCConfigurationList section */
		9A75F6E9212F3AD400E375B5 /* Build configuration list for PBXProject "ProcMapGeneration-macOS" */ = {
			isa = XCConfigurationList;
			buildConfigurations = (
				9A75F6FD212F3AD700E375B5 /* Debug */,
				9A75F6FE212F3AD700E375B5 /* Release */,
			);
			defaultConfigurationIsVisible = 0;
			defaultConfigurationName = Release;
		};
		9A75F6FF212F3AD700E375B5 /* Build configuration list for PBXNativeTarget "ProcMapGeneration-macOS" */ = {
			isa = XCConfigurationList;
			buildConfigurations = (
				9A75F700212F3AD700E375B5 /* Debug */,
				9A75F701212F3AD700E375B5 /* Release */,
			);
			defaultConfigurationIsVisible = 0;
			defaultConfigurationName = Release;
		};
/* End XCConfigurationList section */
	};
	rootObject = 9A75F6E6212F3AD400E375B5 /* Project object */;
}
